
Microsoft Visual Studio Solution File, Format Version 12.00
# Visual Studio Version 17
VisualStudioVersion = 17.5.33424.131
MinimumVisualStudioVersion = 10.0.40219.1
Project("{FAE04EC0-301F-11D3-BF4B-00C04F79EFBC}") = "ConsoleApp", "ConsoleApp\ConsoleApp.csproj", "{20576F5A-5A0A-428B-8649-775B4EC93781}"
EndProject
Project("{FAE04EC0-301F-11D3-BF4B-00C04F79EFBC}") = "TestProject", "TestProject\TestProject.csproj", "{05A0E0D0-AED5-4478-862C-A36D52682D1C}"
EndProject
Global
	GlobalSection(SolutionConfigurationPlatforms) = preSolution
		Debug|Any CPU = Debug|Any CPU
		Release|Any CPU = Release|Any CPU
	EndGlobalSection
	GlobalSection(ProjectConfigurationPlatforms) = postSolution
		{20576F5A-5A0A-428B-8649-775B4EC93781}.Debug|Any CPU.ActiveCfg = Debug|Any CPU
		{20576F5A-5A0A-428B-8649-775B4EC93781}.Debug|Any CPU.Build.0 = Debug|Any CPU
		{20576F5A-5A0A-428B-8649-775B4EC93781}.Release|Any CPU.ActiveCfg = Release|Any CPU
		{20576F5A-5A0A-428B-8649-775B4EC93781}.Release|Any CPU.Build.0 = Release|Any CPU
		{05A0E0D0-AED5-4478-862C-A36D52682D1C}.Debug|Any CPU.ActiveCfg = Debug|Any CPU
		{05A0E0D0-AED5-4478-862C-A36D52682D1C}.Debug|Any CPU.Build.0 = Debug|Any CPU
		{05A0E0D0-AED5-4478-862C-A36D52682D1C}.Release|Any CPU.ActiveCfg = Release|Any CPU
		{05A0E0D0-AED5-4478-862C-A36D52682D1C}.Release|Any CPU.Build.0 = Release|Any CPU
	EndGlobalSection
	GlobalSection(SolutionProperties) = preSolution
		HideSolutionNode = FALSE
	EndGlobalSection
	GlobalSection(ExtensibilityGlobals) = postSolution
		SolutionGuid = {FCCA7081-7E48-47A3-9AE0-FEAC06D780D9}
	EndGlobalSection
EndGlobal
